
Microsoft Visual Studio Solution File, Format Version 12.00
# Visual Studio Version 17
VisualStudioVersion = 17.8.34309.116
MinimumVisualStudioVersion = 10.0.40219.1
Project("{FAE04EC0-301F-11D3-BF4B-00C04F79EFBC}") = "WebASPApplication", "WebASPApplication\WebASPApplication.csproj", "{62D158D1-E590-4118-B8CC-23420B9914F8}"
EndProject
Global
	GlobalSection(SolutionConfigurationPlatforms) = preSolution
		Debug|Any CPU = Debug|Any CPU
		Release|Any CPU = Release|Any CPU
	EndGlobalSection
	GlobalSection(ProjectConfigurationPlatforms) = postSolution
		{62D158D1-E590-4118-B8CC-23420B9914F8}.Debug|Any CPU.ActiveCfg = Debug|Any CPU
		{62D158D1-E590-4118-B8CC-23420B9914F8}.Debug|Any CPU.Build.0 = Debug|Any CPU
		{62D158D1-E590-4118-B8CC-23420B9914F8}.Release|Any CPU.ActiveCfg = Release|Any CPU
		{62D158D1-E590-4118-B8CC-23420B9914F8}.Release|Any CPU.Build.0 = Release|Any CPU
	EndGlobalSection
	GlobalSection(SolutionProperties) = preSolution
		HideSolutionNode = FALSE
	EndGlobalSection
	GlobalSection(ExtensibilityGlobals) = postSolution
		SolutionGuid = {5F68AEB1-4FB0-4119-9D8B-EEFE846F7EB2}
	EndGlobalSection
EndGlobal
